
Microsoft Visual Studio Solution File, Format Version 12.00
# Visual Studio Version 17
VisualStudioVersion = 17.3.32922.545
MinimumVisualStudioVersion = 10.0.40219.1
Project("{9A19103F-16F7-4668-BE54-9A1E7A4F7556}") = "AlinSpace.Remote", "AlinSpace.Remote\AlinSpace.Remote.csproj", "{5F44F65E-9356-4056-B725-684E11754DAA}"
EndProject
Project("{9A19103F-16F7-4668-BE54-9A1E7A4F7556}") = "AlinSpace.Remote.Server", "AlinSpace.Remote.Server\AlinSpace.Remote.Server.csproj", "{6C642092-B591-4248-8C30-84528010914B}"
EndProject
Project("{9A19103F-16F7-4668-BE54-9A1E7A4F7556}") = "AlinSpace.Remote.Client", "AlinSpace.Remote.Client\AlinSpace.Remote.Client.csproj", "{B443E974-DBBE-42A7-B3A5-44E3BCF2430F}"
EndProject
Project("{9A19103F-16F7-4668-BE54-9A1E7A4F7556}") = "AlinSpace.Remote.Server.AspNetCore", "AlinSpace.Remote.Server.AspNetCore\AlinSpace.Remote.Server.AspNetCore.csproj", "{43141BCF-24A7-45DB-A711-F9DDFF2C14F1}"
EndProject
Project("{FAE04EC0-301F-11D3-BF4B-00C04F79EFBC}") = "AlinSpace.Remote.Server.AspNetCore.Test", "AlinSpace.Remote.Server.AspNetCore.Test\AlinSpace.Remote.Server.AspNetCore.Test.csproj", "{5FE87D40-FBDC-4F92-A8B0-E019F5E07578}"
EndProject
Project("{FAE04EC0-301F-11D3-BF4B-00C04F79EFBC}") = "AlinSpace.Remote.Client.Console.Test", "AlinSpace.Remote.Client.Console.Test\AlinSpace.Remote.Client.Console.Test.csproj", "{6192DEEA-13F7-4F48-A826-0354A311ED6C}"
EndProject
Global
	GlobalSection(SolutionConfigurationPlatforms) = preSolution
		Debug|Any CPU = Debug|Any CPU
		Release|Any CPU = Release|Any CPU
	EndGlobalSection
	GlobalSection(ProjectConfigurationPlatforms) = postSolution
		{5F44F65E-9356-4056-B725-684E11754DAA}.Debug|Any CPU.ActiveCfg = Debug|Any CPU
		{5F44F65E-9356-4056-B725-684E11754DAA}.Debug|Any CPU.Build.0 = Debug|Any CPU
		{5F44F65E-9356-4056-B725-684E11754DAA}.Release|Any CPU.ActiveCfg = Release|Any CPU
		{5F44F65E-9356-4056-B725-684E11754DAA}.Release|Any CPU.Build.0 = Release|Any CPU
		{6C642092-B591-4248-8C30-84528010914B}.Debug|Any CPU.ActiveCfg = Debug|Any CPU
		{6C642092-B591-4248-8C30-84528010914B}.Debug|Any CPU.Build.0 = Debug|Any CPU
		{6C642092-B591-4248-8C30-84528010914B}.Release|Any CPU.ActiveCfg = Release|Any CPU
		{6C642092-B591-4248-8C30-84528010914B}.Release|Any CPU.Build.0 = Release|Any CPU
		{B443E974-DBBE-42A7-B3A5-44E3BCF2430F}.Debug|Any CPU.ActiveCfg = Debug|Any CPU
		{B443E974-DBBE-42A7-B3A5-44E3BCF2430F}.Debug|Any CPU.Build.0 = Debug|Any CPU
		{B443E974-DBBE-42A7-B3A5-44E3BCF2430F}.Release|Any CPU.ActiveCfg = Release|Any CPU
		{B443E974-DBBE-42A7-B3A5-44E3BCF2430F}.Release|Any CPU.Build.0 = Release|Any CPU
		{43141BCF-24A7-45DB-A711-F9DDFF2C14F1}.Debug|Any CPU.ActiveCfg = Debug|Any CPU
		{43141BCF-24A7-45DB-A711-F9DDFF2C14F1}.Debug|Any CPU.Build.0 = Debug|Any CPU
		{43141BCF-24A7-45DB-A711-F9DDFF2C14F1}.Release|Any CPU.ActiveCfg = Release|Any CPU
		{43141BCF-24A7-45DB-A711-F9DDFF2C14F1}.Release|Any CPU.Build.0 = Release|Any CPU
		{5FE87D40-FBDC-4F92-A8B0-E019F5E07578}.Debug|Any CPU.ActiveCfg = Debug|Any CPU
		{5FE87D40-FBDC-4F92-A8B0-E019F5E07578}.Debug|Any CPU.Build.0 = Debug|Any CPU
		{5FE87D40-FBDC-4F92-A8B0-E019F5E07578}.Release|Any CPU.ActiveCfg = Release|Any CPU
		{5FE87D40-FBDC-4F92-A8B0-E019F5E07578}.Release|Any CPU.Build.0 = Release|Any CPU
		{6192DEEA-13F7-4F48-A826-0354A311ED6C}.Debug|Any CPU.ActiveCfg = Debug|Any CPU
		{6192DEEA-13F7-4F48-A826-0354A311ED6C}.Debug|Any CPU.Build.0 = Debug|Any CPU
		{6192DEEA-13F7-4F48-A826-0354A311ED6C}.Release|Any CPU.ActiveCfg = Release|Any CPU
		{6192DEEA-13F7-4F48-A826-0354A311ED6C}.Release|Any CPU.Build.0 = Release|Any CPU
	EndGlobalSection
	GlobalSection(SolutionProperties) = preSolution
		HideSolutionNode = FALSE
	EndGlobalSection
	GlobalSection(ExtensibilityGlobals) = postSolution
		SolutionGuid = {6D16FA70-3F04-46FE-9C4C-13FAAA108409}
	EndGlobalSection
EndGlobal
